
Microsoft Visual Studio Solution File, Format Version 12.00
# Visual Studio 2013
VisualStudioVersion = 12.0.40629.0
MinimumVisualStudioVersion = 10.0.40219.1
Project("{E24C65DC-7377-472B-9ABA-BC803B73C61A}") = "BLPipeco", "http://localhost:12526", "{AB5C248B-16E4-4F1F-82AC-6BBC7C4E39F6}"
	ProjectSection(WebsiteProperties) = preProject
		UseIISExpress = "true"
		TargetFrameworkMoniker = ".NETFramework,Version%3Dv4.0"
		Debug.AspNetCompiler.VirtualPath = "/localhost_12526"
		Debug.AspNetCompiler.PhysicalPath = "..\..\..\..\Source\Workspaces\BLPipeco\"
		Debug.AspNetCompiler.TargetPath = "PrecompiledWeb\localhost_12526\"
		Debug.AspNetCompiler.Updateable = "true"
		Debug.AspNetCompiler.ForceOverwrite = "true"
		Debug.AspNetCompiler.FixedNames = "false"
		Debug.AspNetCompiler.Debug = "True"
		Release.AspNetCompiler.VirtualPath = "/localhost_12526"
		Release.AspNetCompiler.PhysicalPath = "..\..\..\..\Source\Workspaces\BLPipeco\"
		Release.AspNetCompiler.TargetPath = "PrecompiledWeb\localhost_12526\"
		Release.AspNetCompiler.Updateable = "true"
		Release.AspNetCompiler.ForceOverwrite = "true"
		Release.AspNetCompiler.FixedNames = "false"
		Release.AspNetCompiler.Debug = "False"
		SlnRelativePath = "..\..\..\..\Source\Workspaces\BLPipeco\"
	EndProjectSection
EndProject
Global
	GlobalSection(SolutionConfigurationPlatforms) = preSolution
		Debug|Any CPU = Debug|Any CPU
	EndGlobalSection
	GlobalSection(ProjectConfigurationPlatforms) = postSolution
		{AB5C248B-16E4-4F1F-82AC-6BBC7C4E39F6}.Debug|Any CPU.ActiveCfg = Debug|Any CPU
		{AB5C248B-16E4-4F1F-82AC-6BBC7C4E39F6}.Debug|Any CPU.Build.0 = Debug|Any CPU
	EndGlobalSection
	GlobalSection(SolutionProperties) = preSolution
		HideSolutionNode = FALSE
	EndGlobalSection
EndGlobal
